
Microsoft Visual Studio Solution File, Format Version 12.00
# Visual Studio Version 17
VisualStudioVersion = 17.11.35312.102
MinimumVisualStudioVersion = 10.0.40219.1
Project("{FAE04EC0-301F-11D3-BF4B-00C04F79EFBC}") = "PinterestAPI", "PinterestAPI\PinterestAPI.csproj", "{AD7AC22E-D58B-4EF1-8A37-D1C3C7604E22}"
EndProject
Global
	GlobalSection(SolutionConfigurationPlatforms) = preSolution
		Debug|Any CPU = Debug|Any CPU
		Release|Any CPU = Release|Any CPU
	EndGlobalSection
	GlobalSection(ProjectConfigurationPlatforms) = postSolution
		{AD7AC22E-D58B-4EF1-8A37-D1C3C7604E22}.Debug|Any CPU.ActiveCfg = Debug|Any CPU
		{AD7AC22E-D58B-4EF1-8A37-D1C3C7604E22}.Debug|Any CPU.Build.0 = Debug|Any CPU
		{AD7AC22E-D58B-4EF1-8A37-D1C3C7604E22}.Release|Any CPU.ActiveCfg = Release|Any CPU
		{AD7AC22E-D58B-4EF1-8A37-D1C3C7604E22}.Release|Any CPU.Build.0 = Release|Any CPU
	EndGlobalSection
	GlobalSection(SolutionProperties) = preSolution
		HideSolutionNode = FALSE
	EndGlobalSection
	GlobalSection(ExtensibilityGlobals) = postSolution
		SolutionGuid = {7CA8F77F-25A4-46B2-BBF7-FAE2C56AAAD7}
	EndGlobalSection
EndGlobal
